# This file was autogenerated by Stack.
# You should not edit this file by hand.
# For more information, please see the documentation at:
#   https://docs.haskellstack.org/en/stable/lock_files

packages:
- completed:
    hackage: ed25519-donna-0.1.1@sha256:344c0bb83603ed896012f441e54b380314dc4910320577cd18a9071e34f24fe9,2358
    pantry-tree:
      size: 2298
      sha256: a2a0790a36cf8f7a63b98a4d443c5a84f66b189b3c2c2ddd97bc9f983d5fa9ba
  original:
    hackage: ed25519-donna-0.1.1
- completed:
    hackage: megaparsec-9.0.0@sha256:920d1e469056c746b532333a078c2a9a195fab5e860e0c9734ee92a28c2bfb65,3117
    pantry-tree:
      size: 1447
      sha256: 26c1c24e343cfa6b2c55715fff4b8608e527a6b6ad3d510e328e0a228f979a7d
  original:
    hackage: megaparsec-9.0.0
- completed:
    hackage: neat-interpolation-0.5.1.2@sha256:6a8f04befb39c20896aed9a452f84540dd8ed37efae09a656023b151886b1262,2992
    pantry-tree:
      size: 566
      sha256: 046371778d4cdf1283089d337498cee40906edf3f55ccd1d1e89ac9209d2d083
  original:
    hackage: neat-interpolation-0.5.1.2
- completed:
    hackage: posix-escape-0.1@sha256:adbb650397cd8685ea220b40739ee80d4e8329643a98aa2993a6f13a598bd18c,1160
    pantry-tree:
      size: 386
      sha256: e9824c495e3e2a3a1f737b5d2fcdd0ea1ce6b2919cec252c1ef7ca3b19dedf57
  original:
    hackage: posix-escape-0.1
- completed:
    hackage: prettyprinter-1.6.0@sha256:fa5479994f35b40fe3cc0d666e6b02e39444672f33f22c09cae5c0c4724f7f10,5455
    pantry-tree:
      size: 2194
      sha256: ca03433d8f623eef663b0f7ea65b687f79dd3f85963019494d4e9311afb73574
  original:
    hackage: prettyprinter-1.6.0
- completed:
    hackage: sbv-8.8@sha256:32b3930aa358d57b21d9797cd46bd1e4866b536b1eea50686c39af07f1ca4882,28975
    pantry-tree:
      size: 62177
      sha256: 3e765223042742d325de0f943a90cb87bb97d3b85df856102e394ea1fc0db524
  original:
    hackage: sbv-8.8
- completed:
    hackage: streaming-events-1.0.1@sha256:2d9e17ba78f55b07e21f20ed20430d024bc157b01f3cf58a9b169157cbfab036,1110
    pantry-tree:
      size: 295
      sha256: 1e20341bb144b96886b4b053d579dfebb686a14b9f7bd150a38f42b7e1d8d543
  original:
    hackage: streaming-events-1.0.1
- completed:
    hackage: strict-tuple-0.1.3@sha256:dea7bd624020b3f4223b6214a2c7b635ec2af1273a15af9105b76c14a7fb71ae,1202
    pantry-tree:
      size: 381
      sha256: 8f903aca33308ab4a0c8d1d7ff787d5b3f182a6861e90e9425b970d70dbe3ea8
  original:
    hackage: strict-tuple-0.1.3
- completed:
    hackage: trifecta-2.1@sha256:5a936da33052a9e7c1b3e6c974ba0357943fd5fa5b7e5d595fd7abda0f743f3b,4116
    pantry-tree:
      size: 1832
      sha256: 76f462d216dd1cb00d625b784bcf36a62ce33c222184dacaae56ca64442fd065
  original:
    hackage: trifecta-2.1
- completed:
    hackage: which-0.1.0.0@sha256:90ff235257ba8ef4c00a9037e3744703fa2591c0a1e2d0dc5c0ce2d494328688,862
    pantry-tree:
      size: 307
      sha256: ed5b1538c5715fc4883de81eeb44040aef4cd75a8abc857160d564222d4020ab
  original:
    hackage: which-0.1.0.0
- completed:
    hackage: witherable-class-0@sha256:91f05518f9f4af5b02424f13ee7dcdab5d6618e01346aa2f388a72ff93e2e501,775
    pantry-tree:
      size: 277
      sha256: e99696bf95da593a3892c7b9a28db09ffd139b4b1b313f32cec9d26979aa7ce2
  original:
    hackage: witherable-class-0
- completed:
    hackage: yet-another-logger-0.4.0@sha256:6e40ca933c527a5d80a6f0d61e183e0b83fa24330c7afb049edbd5feeb6d5bf3,4502
    pantry-tree:
      size: 1070
      sha256: d7c6b23057bf0ae5d3f613f1c4cf375704c2b455c05e994f80f7a5d51a12051a
  original:
    hackage: yet-another-logger-0.4.0
- completed:
    size: 15179
    url: https://github.com/kadena-io/chainweb-api/archive/d6ad27ed16c060e18bd86213d04d15a360f88d35.tar.gz
    name: chainweb-api
    version: 1.2.1
    sha256: 4075109c89c496f8a213957766c214e31bbaa40af00f43e2b05c46d7657d32a7
    pantry-tree:
      size: 2528
      sha256: 1c7ce1e7f694dec5f3f5932fd6de35ae2ca1eb4c302bad9c7c0287f0f59f3628
  original:
    url: https://github.com/kadena-io/chainweb-api/archive/d6ad27ed16c060e18bd86213d04d15a360f88d35.tar.gz
- completed:
    size: 1094098
    url: https://github.com/kadena-io/pact/archive/8681a6d6e72eccefe00100f86202d616ab5d1621.tar.gz
    name: pact
    version: '3.7'
    sha256: a52fe0eafadd68d6d2d3bf7c8c5104c848dc8b844c6953b22dd69742fcbe83be
    pantry-tree:
      size: 25257
      sha256: d6d21c6cded1dce897ce40e29205a8a0b2b08415cb720355505f6a8bbf5dec8a
  original:
    url: https://github.com/kadena-io/pact/archive/8681a6d6e72eccefe00100f86202d616ab5d1621.tar.gz
- completed:
    size: 1207717
    subdir: beam-core
    url: https://github.com/tathougies/beam/archive/596981a1ea6765b9f311d48a2ec4d8460ebc4b7e.tar.gz
    name: beam-core
    version: 0.9.0.0
    sha256: 1c0322cadd6a0be6ea1e109118bff1b5082248a07d6d271eafd220a82f3f4b47
    pantry-tree:
      size: 2704
      sha256: 7076823ae76c79ca4cd83a79c9ce99b7cbe6a17efd5ed3bc9188525d3e5ed492
  original:
    subdir: beam-core
    url: https://github.com/tathougies/beam/archive/596981a1ea6765b9f311d48a2ec4d8460ebc4b7e.tar.gz
- completed:
    size: 1207717
    subdir: beam-migrate
    url: https://github.com/tathougies/beam/archive/596981a1ea6765b9f311d48a2ec4d8460ebc4b7e.tar.gz
    name: beam-migrate
    version: 0.5.0.0
    sha256: 1c0322cadd6a0be6ea1e109118bff1b5082248a07d6d271eafd220a82f3f4b47
    pantry-tree:
      size: 1826
      sha256: e029e77b673aef82d2d077b2ba4511a6ff994883a5fc38ce8485c8771e7998ce
  original:
    subdir: beam-migrate
    url: https://github.com/tathougies/beam/archive/596981a1ea6765b9f311d48a2ec4d8460ebc4b7e.tar.gz
- completed:
    size: 1207717
    subdir: beam-postgres
    url: https://github.com/tathougies/beam/archive/596981a1ea6765b9f311d48a2ec4d8460ebc4b7e.tar.gz
    name: beam-postgres
    version: 0.5.0.0
    sha256: 1c0322cadd6a0be6ea1e109118bff1b5082248a07d6d271eafd220a82f3f4b47
    pantry-tree:
      size: 2596
      sha256: fd0a0d1fd6e989a0925c1a3c71f2a018215616439a8e10d7e477ffc5e86bf572
  original:
    subdir: beam-postgres
    url: https://github.com/tathougies/beam/archive/596981a1ea6765b9f311d48a2ec4d8460ebc4b7e.tar.gz
- completed:
    size: 66040
    url: https://github.com/mightybyte/beam-automigrate/archive/112c39953c432b05ec6ae2354b0150c61ee30157.tar.gz
    name: beam-automigrate
    version: 0.1.2.0
    sha256: 5a86cb5c57ea1a436b4c3f23fd9c1d521d306a4395c96ed44bd4633f55014152
    pantry-tree:
      size: 2582
      sha256: b86c1ce9dfddcc01e8e024ca4a8be8351f5216a8ceee8c1139aab5d775025e15
  original:
    url: https://github.com/mightybyte/beam-automigrate/archive/112c39953c432b05ec6ae2354b0150c61ee30157.tar.gz
- completed:
    size: 14929
    subdir: gargoyle
    url: https://github.com/obsidiansystems/gargoyle/archive/df0068f9572c1371bed7aa416af84d462c3574c0.tar.gz
    name: gargoyle
    version: 0.1.1.0
    sha256: 742fa02edb91604a4a5f5be8d7e2bd592bf07278e58687de7bef4e7f8c3a69b1
    pantry-tree:
      size: 315
      sha256: c17f7eff611f8360bac0a60c11decb979c5c90a4f9276737f18f5e777e3fc818
  original:
    subdir: gargoyle
    url: https://github.com/obsidiansystems/gargoyle/archive/df0068f9572c1371bed7aa416af84d462c3574c0.tar.gz
- completed:
    size: 14929
    subdir: gargoyle-postgresql
    url: https://github.com/obsidiansystems/gargoyle/archive/df0068f9572c1371bed7aa416af84d462c3574c0.tar.gz
    name: gargoyle-postgresql
    version: 0.2.0.1
    sha256: 742fa02edb91604a4a5f5be8d7e2bd592bf07278e58687de7bef4e7f8c3a69b1
    pantry-tree:
      size: 610
      sha256: 651e948ff4f6d2b0844411bf35487d656d009fcbf14890c37e06c264f599a36c
  original:
    subdir: gargoyle-postgresql
    url: https://github.com/obsidiansystems/gargoyle/archive/df0068f9572c1371bed7aa416af84d462c3574c0.tar.gz
- completed:
    name: thyme
    version: 0.3.6.0
    git: https://github.com/kadena-io/thyme.git
    pantry-tree:
      size: 2198
      sha256: 6d9605f1ac1e08ab60860d68e0e47773fa6e762ba032756f2d3e1e20fb905ec2
    commit: 6ee9fcb026ebdb49b810802a981d166680d867c9
  original:
    git: https://github.com/kadena-io/thyme.git
    commit: 6ee9fcb026ebdb49b810802a981d166680d867c9
snapshots:
- completed:
    size: 524996
    url: https://raw.githubusercontent.com/commercialhaskell/stackage-snapshots/master/lts/14/27.yaml
    sha256: 7ea31a280c56bf36ff591a7397cc384d0dff622e7f9e4225b47d8980f019a0f0
  original: lts-14.27
